// !$*UTF8*$!
{
	archiveVersion = 1;
	classes = {
	};
	objectVersion = 52;
	objects = {

/* Begin PBXBuildFile section */
		D80A357426CA0A12008CB95F /* LovedOnes.swift in Sources */ = {isa = PBXBuildFile; fileRef = D80A357326CA0A12008CB95F /* LovedOnes.swift */; };
		D823B8A327784D71009D7992 /* SettingsView.swift in Sources */ = {isa = PBXBuildFile; fileRef = D823B8A227784D71009D7992 /* SettingsView.swift */; };
		D823B8AB277C18C8009D7992 /* OptionsView.swift in Sources */ = {isa = PBXBuildFile; fileRef = D823B8AA277C18C8009D7992 /* OptionsView.swift */; };
		D82EE06027365DD400C6498F /* ParentsDetail.swift in Sources */ = {isa = PBXBuildFile; fileRef = D82EE05F27365DD400C6498F /* ParentsDetail.swift */; };
		D839529427714B1C002444D9 /* MainView.swift in Sources */ = {isa = PBXBuildFile; fileRef = D839529327714B1C002444D9 /* MainView.swift */; };
		D83952982771B6B8002444D9 /* EntryView.swift in Sources */ = {isa = PBXBuildFile; fileRef = D83952972771B6B8002444D9 /* EntryView.swift */; };
		D839529C2772B84B002444D9 /* ExperimentView.swift in Sources */ = {isa = PBXBuildFile; fileRef = D839529B2772B84B002444D9 /* ExperimentView.swift */; };
		D8399AAB2754730200A5DFB3 /* LottoFile.swift in Sources */ = {isa = PBXBuildFile; fileRef = D8399AAA2754730200A5DFB3 /* LottoFile.swift */; };
		D85C8553268EFE1E00FA7C9A /* The_Game_of_LifeApp.swift in Sources */ = {isa = PBXBuildFile; fileRef = D85C8552268EFE1E00FA7C9A /* The_Game_of_LifeApp.swift */; };
		D85C8555268EFE1E00FA7C9A /* ContentView.swift in Sources */ = {isa = PBXBuildFile; fileRef = D85C8554268EFE1E00FA7C9A /* ContentView.swift */; };
		D85C8557268EFE2100FA7C9A /* Assets.xcassets in Resources */ = {isa = PBXBuildFile; fileRef = D85C8556268EFE2100FA7C9A /* Assets.xcassets */; };
		D85C855A268EFE2100FA7C9A /* Preview Assets.xcassets in Resources */ = {isa = PBXBuildFile; fileRef = D85C8559268EFE2100FA7C9A /* Preview Assets.xcassets */; };
		D85C8565268EFE2100FA7C9A /* The_Game_of_LifeTests.swift in Sources */ = {isa = PBXBuildFile; fileRef = D85C8564268EFE2100FA7C9A /* The_Game_of_LifeTests.swift */; };
		D85C8570268EFE2100FA7C9A /* The_Game_of_LifeUITests.swift in Sources */ = {isa = PBXBuildFile; fileRef = D85C856F268EFE2100FA7C9A /* The_Game_of_LifeUITests.swift */; };
		D860E0FB27855C69008606B2 /* DepositPopup.swift in Sources */ = {isa = PBXBuildFile; fileRef = D860E0FA27855C68008606B2 /* DepositPopup.swift */; };
		D860E0FD27856085008606B2 /* WithdrawPopup.swift in Sources */ = {isa = PBXBuildFile; fileRef = D860E0FC27856085008606B2 /* WithdrawPopup.swift */; };
		D860E0FF27858258008606B2 /* CasinoView.swift in Sources */ = {isa = PBXBuildFile; fileRef = D860E0FE27858258008606B2 /* CasinoView.swift */; };
		D867743D2774028E001EB64E /* CardViewMaybe.swift in Sources */ = {isa = PBXBuildFile; fileRef = D867743C2774028E001EB64E /* CardViewMaybe.swift */; };
		D8702312278E454D00C4E4FD /* NewLifeView.swift in Sources */ = {isa = PBXBuildFile; fileRef = D8702311278E454D00C4E4FD /* NewLifeView.swift */; };
		D878B825278CFFD400E3DC70 /* LearnTab.swift in Sources */ = {isa = PBXBuildFile; fileRef = D878B824278CFFD400E3DC70 /* LearnTab.swift */; };
		D878B827278E371F00E3DC70 /* LearnMain.swift in Sources */ = {isa = PBXBuildFile; fileRef = D878B826278E371F00E3DC70 /* LearnMain.swift */; };
		D878B829278E373200E3DC70 /* Education.swift in Sources */ = {isa = PBXBuildFile; fileRef = D878B828278E373200E3DC70 /* Education.swift */; };
		D87EC4D526D4291E00E21428 /* CategoryButton.swift in Sources */ = {isa = PBXBuildFile; fileRef = D87EC4D426D4291E00E21428 /* CategoryButton.swift */; };
		D87EC4DD26D4613900E21428 /* OccupationStructs.swift in Sources */ = {isa = PBXBuildFile; fileRef = D87EC4DC26D4613900E21428 /* OccupationStructs.swift */; };
		D87EC4DF26D4D5D700E21428 /* PosJobs.swift in Sources */ = {isa = PBXBuildFile; fileRef = D87EC4DE26D4D5D700E21428 /* PosJobs.swift */; };
		D87EC4E126D4DF7A00E21428 /* JobView.swift in Sources */ = {isa = PBXBuildFile; fileRef = D87EC4E026D4DF7A00E21428 /* JobView.swift */; };
		D881F66C26C4B43A0054D033 /* RelationshipTab.swift in Sources */ = {isa = PBXBuildFile; fileRef = D881F66B26C4B43A0054D033 /* RelationshipTab.swift */; };
		D881F66E26C4B6800054D033 /* AssetTab.swift in Sources */ = {isa = PBXBuildFile; fileRef = D881F66D26C4B6800054D033 /* AssetTab.swift */; };
		D881F67126C4B7410054D033 /* OccupationTab.swift in Sources */ = {isa = PBXBuildFile; fileRef = D881F67026C4B7410054D033 /* OccupationTab.swift */; };
		D881F67326C4B7AE0054D033 /* ActionTab.swift in Sources */ = {isa = PBXBuildFile; fileRef = D881F67226C4B7AE0054D033 /* ActionTab.swift */; };
		D881F67526C4B7C60054D033 /* HomeTab.swift in Sources */ = {isa = PBXBuildFile; fileRef = D881F67426C4B7C60054D033 /* HomeTab.swift */; };
		D888B78F27756F5C00724ED1 /* LivesStruct.swift in Sources */ = {isa = PBXBuildFile; fileRef = D888B78E27756F5C00724ED1 /* LivesStruct.swift */; };
		D89CD643278AD8A80004FBB7 /* BallsGamePopup.swift in Sources */ = {isa = PBXBuildFile; fileRef = D89CD642278AD8A80004FBB7 /* BallsGamePopup.swift */; };
		D8A5C8A326DC248D004123A4 /* mainFont.ttf in Resources */ = {isa = PBXBuildFile; fileRef = D8A5C8A226DC248D004123A4 /* mainFont.ttf */; };
		D8AC08DF27653415000A432E /* RealEstateDetail.swift in Sources */ = {isa = PBXBuildFile; fileRef = D8AC08DE27653415000A432E /* RealEstateDetail.swift */; };
		D8BEF23927685C7A004DC3EF /* AssetsMain.swift in Sources */ = {isa = PBXBuildFile; fileRef = D8BEF23827685C7A004DC3EF /* AssetsMain.swift */; };
		D8BEF23B276AA54C004DC3EF /* RomanceDetail.swift in Sources */ = {isa = PBXBuildFile; fileRef = D8BEF23A276AA54C004DC3EF /* RomanceDetail.swift */; };
		D8BEF23D276AA55A004DC3EF /* RomanceStructs.swift in Sources */ = {isa = PBXBuildFile; fileRef = D8BEF23C276AA55A004DC3EF /* RomanceStructs.swift */; };
		D8BF707D2786489800B4444B /* CasinoIcon.swift in Sources */ = {isa = PBXBuildFile; fileRef = D8BF707C2786489800B4444B /* CasinoIcon.swift */; };
		D8BF707F278648E700B4444B /* LotteryPopup.swift in Sources */ = {isa = PBXBuildFile; fileRef = D8BF707E278648E700B4444B /* LotteryPopup.swift */; };
		D8C202F22749EABB0057A92B /* BankDetail.swift in Sources */ = {isa = PBXBuildFile; fileRef = D8C202F12749EABB0057A92B /* BankDetail.swift */; };
		D8C43048272DC94900F18F89 /* RelationshipButton.swift in Sources */ = {isa = PBXBuildFile; fileRef = D8C43047272DC94900F18F89 /* RelationshipButton.swift */; };
		D8C4304B272DD1E700F18F89 /* RelationshipDetail.swift in Sources */ = {isa = PBXBuildFile; fileRef = D8C4304A272DD1E700F18F89 /* RelationshipDetail.swift */; };
		D8C43050272DD5E200F18F89 /* RomanceView.swift in Sources */ = {isa = PBXBuildFile; fileRef = D8C4304F272DD5E200F18F89 /* RomanceView.swift */; };
		D8C43052272DD5F600F18F89 /* ChildrenView.swift in Sources */ = {isa = PBXBuildFile; fileRef = D8C43051272DD5F600F18F89 /* ChildrenView.swift */; };
		D8C43054272DD60700F18F89 /* FriendsView.swift in Sources */ = {isa = PBXBuildFile; fileRef = D8C43053272DD60700F18F89 /* FriendsView.swift */; };
		D8C43056272DD61600F18F89 /* PetsView.swift in Sources */ = {isa = PBXBuildFile; fileRef = D8C43055272DD61600F18F89 /* PetsView.swift */; };
		D8C43059272E35A500F18F89 /* ParentStructs.swift in Sources */ = {isa = PBXBuildFile; fileRef = D8C43058272E35A500F18F89 /* ParentStructs.swift */; };
		D8C4305B272E4D8800F18F89 /* King.swift in Sources */ = {isa = PBXBuildFile; fileRef = D8C4305A272E4D8800F18F89 /* King.swift */; };
		D8E34CFF276190D10056F054 /* ChildrenStructs.swift in Sources */ = {isa = PBXBuildFile; fileRef = D8E34CFE276190D10056F054 /* ChildrenStructs.swift */; };
		D8E34D01276198530056F054 /* ChildrenDetail.swift in Sources */ = {isa = PBXBuildFile; fileRef = D8E34D00276198530056F054 /* ChildrenDetail.swift */; };
		D8E384DF27894568008E0DE8 /* RealModule in Frameworks */ = {isa = PBXBuildFile; productRef = D8E384DE27894568008E0DE8 /* RealModule */; };
		D8F18C3627375A2200A527B6 /* ParentsView.swift in Sources */ = {isa = PBXBuildFile; fileRef = D8F18C3527375A2200A527B6 /* ParentsView.swift */; };
		D8FC918726E58B6A0065D3CF /* SHView.swift in Sources */ = {isa = PBXBuildFile; fileRef = D8FC918626E58B690065D3CF /* SHView.swift */; };
		D8FC918926E58BFE0065D3CF /* SHBackend.swift in Sources */ = {isa = PBXBuildFile; fileRef = D8FC918826E58BFE0065D3CF /* SHBackend.swift */; };
/* End PBXBuildFile section */

/* Begin PBXContainerItemProxy section */
		D85C8561268EFE2100FA7C9A /* PBXContainerItemProxy */ = {
			isa = PBXContainerItemProxy;
			containerPortal = D85C8547268EFE1E00FA7C9A /* Project object */;
			proxyType = 1;
			remoteGlobalIDString = D85C854E268EFE1E00FA7C9A;
			remoteInfo = "The Game of Life";
		};
		D85C856C268EFE2100FA7C9A /* PBXContainerItemProxy */ = {
			isa = PBXContainerItemProxy;
			containerPortal = D85C8547268EFE1E00FA7C9A /* Project object */;
			proxyType = 1;
			remoteGlobalIDString = D85C854E268EFE1E00FA7C9A;
			remoteInfo = "The Game of Life";
		};
/* End PBXContainerItemProxy section */

/* Begin PBXFileReference section */
		D805C588277E74F500536992 /* Swift-BigInt-master */ = {isa = PBXFileReference; lastKnownFileType = wrapper; name = "Swift-BigInt-master"; path = "../../../../../Downloads/Swift-BigInt-master"; sourceTree = "<group>"; };
		D80A357326CA0A12008CB95F /* LovedOnes.swift */ = {isa = PBXFileReference; lastKnownFileType = sourcecode.swift; path = LovedOnes.swift; sourceTree = "<group>"; };
		D823B8A227784D71009D7992 /* SettingsView.swift */ = {isa = PBXFileReference; lastKnownFileType = sourcecode.swift; path = SettingsView.swift; sourceTree = "<group>"; };
		D823B8AA277C18C8009D7992 /* OptionsView.swift */ = {isa = PBXFileReference; lastKnownFileType = sourcecode.swift; path = OptionsView.swift; sourceTree = "<group>"; };
		D82EE05F27365DD400C6498F /* ParentsDetail.swift */ = {isa = PBXFileReference; lastKnownFileType = sourcecode.swift; path = ParentsDetail.swift; sourceTree = "<group>"; };
		D839529327714B1C002444D9 /* MainView.swift */ = {isa = PBXFileReference; lastKnownFileType = sourcecode.swift; path = MainView.swift; sourceTree = "<group>"; };
		D83952972771B6B8002444D9 /* EntryView.swift */ = {isa = PBXFileReference; lastKnownFileType = sourcecode.swift; path = EntryView.swift; sourceTree = "<group>"; };
		D839529B2772B84B002444D9 /* ExperimentView.swift */ = {isa = PBXFileReference; lastKnownFileType = sourcecode.swift; path = ExperimentView.swift; sourceTree = "<group>"; };
		D8399AAA2754730200A5DFB3 /* LottoFile.swift */ = {isa = PBXFileReference; lastKnownFileType = sourcecode.swift; path = LottoFile.swift; sourceTree = "<group>"; };
		D85C854F268EFE1E00FA7C9A /* The Game of Life.app */ = {isa = PBXFileReference; explicitFileType = wrapper.application; includeInIndex = 0; path = "The Game of Life.app"; sourceTree = BUILT_PRODUCTS_DIR; };
		D85C8552268EFE1E00FA7C9A /* The_Game_of_LifeApp.swift */ = {isa = PBXFileReference; lastKnownFileType = sourcecode.swift; path = The_Game_of_LifeApp.swift; sourceTree = "<group>"; };
		D85C8554268EFE1E00FA7C9A /* ContentView.swift */ = {isa = PBXFileReference; lastKnownFileType = sourcecode.swift; path = ContentView.swift; sourceTree = "<group>"; };
		D85C8556268EFE2100FA7C9A /* Assets.xcassets */ = {isa = PBXFileReference; lastKnownFileType = folder.assetcatalog; path = Assets.xcassets; sourceTree = "<group>"; };
		D85C8559268EFE2100FA7C9A /* Preview Assets.xcassets */ = {isa = PBXFileReference; lastKnownFileType = folder.assetcatalog; path = "Preview Assets.xcassets"; sourceTree = "<group>"; };
		D85C855B268EFE2100FA7C9A /* Info.plist */ = {isa = PBXFileReference; lastKnownFileType = text.plist.xml; path = Info.plist; sourceTree = "<group>"; };
		D85C8560268EFE2100FA7C9A /* The Game of LifeTests.xctest */ = {isa = PBXFileReference; explicitFileType = wrapper.cfbundle; includeInIndex = 0; path = "The Game of LifeTests.xctest"; sourceTree = BUILT_PRODUCTS_DIR; };
		D85C8564268EFE2100FA7C9A /* The_Game_of_LifeTests.swift */ = {isa = PBXFileReference; lastKnownFileType = sourcecode.swift; path = The_Game_of_LifeTests.swift; sourceTree = "<group>"; };
		D85C8566268EFE2100FA7C9A /* Info.plist */ = {isa = PBXFileReference; lastKnownFileType = text.plist.xml; path = Info.plist; sourceTree = "<group>"; };
		D85C856B268EFE2100FA7C9A /* The Game of LifeUITests.xctest */ = {isa = PBXFileReference; explicitFileType = wrapper.cfbundle; includeInIndex = 0; path = "The Game of LifeUITests.xctest"; sourceTree = BUILT_PRODUCTS_DIR; };
		D85C856F268EFE2100FA7C9A /* The_Game_of_LifeUITests.swift */ = {isa = PBXFileReference; lastKnownFileType = sourcecode.swift; path = The_Game_of_LifeUITests.swift; sourceTree = "<group>"; };
		D85C8571268EFE2100FA7C9A /* Info.plist */ = {isa = PBXFileReference; lastKnownFileType = text.plist.xml; path = Info.plist; sourceTree = "<group>"; };
		D860E0FA27855C68008606B2 /* DepositPopup.swift */ = {isa = PBXFileReference; lastKnownFileType = sourcecode.swift; path = DepositPopup.swift; sourceTree = "<group>"; };
		D860E0FC27856085008606B2 /* WithdrawPopup.swift */ = {isa = PBXFileReference; lastKnownFileType = sourcecode.swift; path = WithdrawPopup.swift; sourceTree = "<group>"; };
		D860E0FE27858258008606B2 /* CasinoView.swift */ = {isa = PBXFileReference; lastKnownFileType = sourcecode.swift; path = CasinoView.swift; sourceTree = "<group>"; };
		D867743C2774028E001EB64E /* CardViewMaybe.swift */ = {isa = PBXFileReference; lastKnownFileType = sourcecode.swift; path = CardViewMaybe.swift; sourceTree = "<group>"; };
		D8702311278E454D00C4E4FD /* NewLifeView.swift */ = {isa = PBXFileReference; lastKnownFileType = sourcecode.swift; path = NewLifeView.swift; sourceTree = "<group>"; };
		D878B824278CFFD400E3DC70 /* LearnTab.swift */ = {isa = PBXFileReference; lastKnownFileType = sourcecode.swift; path = LearnTab.swift; sourceTree = "<group>"; };
		D878B826278E371F00E3DC70 /* LearnMain.swift */ = {isa = PBXFileReference; lastKnownFileType = sourcecode.swift; path = LearnMain.swift; sourceTree = "<group>"; };
		D878B828278E373200E3DC70 /* Education.swift */ = {isa = PBXFileReference; lastKnownFileType = sourcecode.swift; path = Education.swift; sourceTree = "<group>"; };
		D87EC4D426D4291E00E21428 /* CategoryButton.swift */ = {isa = PBXFileReference; lastKnownFileType = sourcecode.swift; path = CategoryButton.swift; sourceTree = "<group>"; };
		D87EC4DC26D4613900E21428 /* OccupationStructs.swift */ = {isa = PBXFileReference; lastKnownFileType = sourcecode.swift; path = OccupationStructs.swift; sourceTree = "<group>"; };
		D87EC4DE26D4D5D700E21428 /* PosJobs.swift */ = {isa = PBXFileReference; lastKnownFileType = sourcecode.swift; path = PosJobs.swift; sourceTree = "<group>"; };
		D87EC4E026D4DF7A00E21428 /* JobView.swift */ = {isa = PBXFileReference; lastKnownFileType = sourcecode.swift; path = JobView.swift; sourceTree = "<group>"; };
		D881F66B26C4B43A0054D033 /* RelationshipTab.swift */ = {isa = PBXFileReference; lastKnownFileType = sourcecode.swift; path = RelationshipTab.swift; sourceTree = "<group>"; };
		D881F66D26C4B6800054D033 /* AssetTab.swift */ = {isa = PBXFileReference; lastKnownFileType = sourcecode.swift; path = AssetTab.swift; sourceTree = "<group>"; tabWidth = 4; };
		D881F67026C4B7410054D033 /* OccupationTab.swift */ = {isa = PBXFileReference; lastKnownFileType = sourcecode.swift; path = OccupationTab.swift; sourceTree = "<group>"; };
		D881F67226C4B7AE0054D033 /* ActionTab.swift */ = {isa = PBXFileReference; lastKnownFileType = sourcecode.swift; path = ActionTab.swift; sourceTree = "<group>"; };
		D881F67426C4B7C60054D033 /* HomeTab.swift */ = {isa = PBXFileReference; lastKnownFileType = sourcecode.swift; path = HomeTab.swift; sourceTree = "<group>"; };
		D888B78E27756F5C00724ED1 /* LivesStruct.swift */ = {isa = PBXFileReference; lastKnownFileType = sourcecode.swift; path = LivesStruct.swift; sourceTree = "<group>"; };
		D89CD642278AD8A80004FBB7 /* BallsGamePopup.swift */ = {isa = PBXFileReference; lastKnownFileType = sourcecode.swift; path = BallsGamePopup.swift; sourceTree = "<group>"; };
		D8A5C8A226DC248D004123A4 /* mainFont.ttf */ = {isa = PBXFileReference; lastKnownFileType = file; path = mainFont.ttf; sourceTree = "<group>"; };
		D8A5C8A526DC249F004123A4 /* mainFontBold.ttf */ = {isa = PBXFileReference; lastKnownFileType = file; name = mainFontBold.ttf; path = "/Users/charliereeder/Desktop/xcode projs/The Game of Life/The Game of Life/custom fonts/mainFontBold.ttf"; sourceTree = "<absolute>"; };
		D8AC08DE27653415000A432E /* RealEstateDetail.swift */ = {isa = PBXFileReference; lastKnownFileType = sourcecode.swift; path = RealEstateDetail.swift; sourceTree = "<group>"; };
		D8BEF23827685C7A004DC3EF /* AssetsMain.swift */ = {isa = PBXFileReference; lastKnownFileType = sourcecode.swift; path = AssetsMain.swift; sourceTree = "<group>"; };
		D8BEF23A276AA54C004DC3EF /* RomanceDetail.swift */ = {isa = PBXFileReference; lastKnownFileType = sourcecode.swift; path = RomanceDetail.swift; sourceTree = "<group>"; };
		D8BEF23C276AA55A004DC3EF /* RomanceStructs.swift */ = {isa = PBXFileReference; lastKnownFileType = sourcecode.swift; path = RomanceStructs.swift; sourceTree = "<group>"; };
		D8BF707C2786489800B4444B /* CasinoIcon.swift */ = {isa = PBXFileReference; lastKnownFileType = sourcecode.swift; path = CasinoIcon.swift; sourceTree = "<group>"; };
		D8BF707E278648E700B4444B /* LotteryPopup.swift */ = {isa = PBXFileReference; lastKnownFileType = sourcecode.swift; path = LotteryPopup.swift; sourceTree = "<group>"; };
		D8C202F12749EABB0057A92B /* BankDetail.swift */ = {isa = PBXFileReference; lastKnownFileType = sourcecode.swift; path = BankDetail.swift; sourceTree = "<group>"; };
		D8C43047272DC94900F18F89 /* RelationshipButton.swift */ = {isa = PBXFileReference; lastKnownFileType = sourcecode.swift; path = RelationshipButton.swift; sourceTree = "<group>"; };
		D8C4304A272DD1E700F18F89 /* RelationshipDetail.swift */ = {isa = PBXFileReference; lastKnownFileType = sourcecode.swift; path = RelationshipDetail.swift; sourceTree = "<group>"; };
		D8C4304F272DD5E200F18F89 /* RomanceView.swift */ = {isa = PBXFileReference; lastKnownFileType = sourcecode.swift; path = RomanceView.swift; sourceTree = "<group>"; };
		D8C43051272DD5F600F18F89 /* ChildrenView.swift */ = {isa = PBXFileReference; lastKnownFileType = sourcecode.swift; path = ChildrenView.swift; sourceTree = "<group>"; };
		D8C43053272DD60700F18F89 /* FriendsView.swift */ = {isa = PBXFileReference; lastKnownFileType = sourcecode.swift; path = FriendsView.swift; sourceTree = "<group>"; };
		D8C43055272DD61600F18F89 /* PetsView.swift */ = {isa = PBXFileReference; lastKnownFileType = sourcecode.swift; path = PetsView.swift; sourceTree = "<group>"; };
		D8C43058272E35A500F18F89 /* ParentStructs.swift */ = {isa = PBXFileReference; lastKnownFileType = sourcecode.swift; path = ParentStructs.swift; sourceTree = "<group>"; };
		D8C4305A272E4D8800F18F89 /* King.swift */ = {isa = PBXFileReference; lastKnownFileType = sourcecode.swift; path = King.swift; sourceTree = "<group>"; };
		D8E34CFE276190D10056F054 /* ChildrenStructs.swift */ = {isa = PBXFileReference; lastKnownFileType = sourcecode.swift; path = ChildrenStructs.swift; sourceTree = "<group>"; };
		D8E34D00276198530056F054 /* ChildrenDetail.swift */ = {isa = PBXFileReference; lastKnownFileType = sourcecode.swift; path = ChildrenDetail.swift; sourceTree = "<group>"; };
		D8F18C3527375A2200A527B6 /* ParentsView.swift */ = {isa = PBXFileReference; lastKnownFileType = sourcecode.swift; path = ParentsView.swift; sourceTree = "<group>"; };
		D8FC918626E58B690065D3CF /* SHView.swift */ = {isa = PBXFileReference; lastKnownFileType = sourcecode.swift; path = SHView.swift; sourceTree = "<group>"; };
		D8FC918826E58BFE0065D3CF /* SHBackend.swift */ = {isa = PBXFileReference; lastKnownFileType = sourcecode.swift; path = SHBackend.swift; sourceTree = "<group>"; };
/* End PBXFileReference section */

/* Begin PBXFrameworksBuildPhase section */
		D85C854C268EFE1E00FA7C9A /* Frameworks */ = {
			isa = PBXFrameworksBuildPhase;
			buildActionMask = 2147483647;
			files = (
				D8E384DF27894568008E0DE8 /* RealModule in Frameworks */,
			);
			runOnlyForDeploymentPostprocessing = 0;
		};
		D85C855D268EFE2100FA7C9A /* Frameworks */ = {
			isa = PBXFrameworksBuildPhase;
			buildActionMask = 2147483647;
			files = (
			);
			runOnlyForDeploymentPostprocessing = 0;
		};
		D85C8568268EFE2100FA7C9A /* Frameworks */ = {
			isa = PBXFrameworksBuildPhase;
			buildActionMask = 2147483647;
			files = (
			);
			runOnlyForDeploymentPostprocessing = 0;
		};
/* End PBXFrameworksBuildPhase section */

/* Begin PBXGroup section */
		D82EE05E273635FB00C6498F /* other */ = {
			isa = PBXGroup;
			children = (
				D805C588277E74F500536992 /* Swift-BigInt-master */,
				D8A5C8A126DC244A004123A4 /* custom fonts */,
				D85C8554268EFE1E00FA7C9A /* ContentView.swift */,
				D839529B2772B84B002444D9 /* ExperimentView.swift */,
			);
			path = other;
			sourceTree = "<group>";
		};
		D82F48E326D60888007E8F74 /* Assets */ = {
			isa = PBXGroup;
			children = (
				D860E0F927855C36008606B2 /* Bank */,
				D881F66D26C4B6800054D033 /* AssetTab.swift */,
				D8AC08DE27653415000A432E /* RealEstateDetail.swift */,
				D8BEF23827685C7A004DC3EF /* AssetsMain.swift */,
			);
			path = Assets;
			sourceTree = "<group>";
		};
		D839529227714A9B002444D9 /* Beginning */ = {
			isa = PBXGroup;
			children = (
				D83952972771B6B8002444D9 /* EntryView.swift */,
				D839529327714B1C002444D9 /* MainView.swift */,
				D8702311278E454D00C4E4FD /* NewLifeView.swift */,
				D888B78D27756F4200724ED1 /* Lives */,
			);
			path = Beginning;
			sourceTree = "<group>";
		};
		D85C8546268EFE1E00FA7C9A = {
			isa = PBXGroup;
			children = (
				D85C8551268EFE1E00FA7C9A /* The Game of Life */,
				D85C8563268EFE2100FA7C9A /* The Game of LifeTests */,
				D85C856E268EFE2100FA7C9A /* The Game of LifeUITests */,
				D85C8550268EFE1E00FA7C9A /* Products */,
			);
			sourceTree = "<group>";
		};
		D85C8550268EFE1E00FA7C9A /* Products */ = {
			isa = PBXGroup;
			children = (
				D85C854F268EFE1E00FA7C9A /* The Game of Life.app */,
				D85C8560268EFE2100FA7C9A /* The Game of LifeTests.xctest */,
				D85C856B268EFE2100FA7C9A /* The Game of LifeUITests.xctest */,
			);
			name = Products;
			sourceTree = "<group>";
		};
		D85C8551268EFE1E00FA7C9A /* The Game of Life */ = {
			isa = PBXGroup;
			children = (
				D8C4305A272E4D8800F18F89 /* King.swift */,
				D8399AAA2754730200A5DFB3 /* LottoFile.swift */,
				D839529227714A9B002444D9 /* Beginning */,
				D82EE05E273635FB00C6498F /* other */,
				D881F66F26C4B6AA0054D033 /* tabs */,
				D85C8558268EFE2100FA7C9A /* Preview Content */,
				D85C8556268EFE2100FA7C9A /* Assets.xcassets */,
				D85C855B268EFE2100FA7C9A /* Info.plist */,
				D85C8552268EFE1E00FA7C9A /* The_Game_of_LifeApp.swift */,
			);
			path = "The Game of Life";
			sourceTree = "<group>";
		};
		D85C8558268EFE2100FA7C9A /* Preview Content */ = {
			isa = PBXGroup;
			children = (
				D85C8559268EFE2100FA7C9A /* Preview Assets.xcassets */,
			);
			path = "Preview Content";
			sourceTree = "<group>";
		};
		D85C8563268EFE2100FA7C9A /* The Game of LifeTests */ = {
			isa = PBXGroup;
			children = (
				D85C8564268EFE2100FA7C9A /* The_Game_of_LifeTests.swift */,
				D85C8566268EFE2100FA7C9A /* Info.plist */,
			);
			path = "The Game of LifeTests";
			sourceTree = "<group>";
		};
		D85C856E268EFE2100FA7C9A /* The Game of LifeUITests */ = {
			isa = PBXGroup;
			children = (
				D85C856F268EFE2100FA7C9A /* The_Game_of_LifeUITests.swift */,
				D85C8571268EFE2100FA7C9A /* Info.plist */,
			);
			path = "The Game of LifeUITests";
			sourceTree = "<group>";
		};
		D860E0F927855C36008606B2 /* Bank */ = {
			isa = PBXGroup;
			children = (
				D8C202F12749EABB0057A92B /* BankDetail.swift */,
				D860E0FA27855C68008606B2 /* DepositPopup.swift */,
				D860E0FC27856085008606B2 /* WithdrawPopup.swift */,
			);
			path = Bank;
			sourceTree = "<group>";
		};
		D878B823278CFFC500E3DC70 /* Learn */ = {
			isa = PBXGroup;
			children = (
				D878B824278CFFD400E3DC70 /* LearnTab.swift */,
				D878B828278E373200E3DC70 /* Education.swift */,
				D878B826278E371F00E3DC70 /* LearnMain.swift */,
			);
			path = Learn;
			sourceTree = "<group>";
		};
		D87EC4D126D4286200E21428 /* Occupation */ = {
			isa = PBXGroup;
			children = (
				D881F67026C4B7410054D033 /* OccupationTab.swift */,
				D87EC4D426D4291E00E21428 /* CategoryButton.swift */,
				D8A5C89B26D9D766004123A4 /* Category Views */,
			);
			path = Occupation;
			sourceTree = "<group>";
		};
		D87EC4D326D4289D00E21428 /* Relationships */ = {
			isa = PBXGroup;
			children = (
				D881F66B26C4B43A0054D033 /* RelationshipTab.swift */,
				D8C43047272DC94900F18F89 /* RelationshipButton.swift */,
				D8C4304A272DD1E700F18F89 /* RelationshipDetail.swift */,
				D8C4304C272DD58E00F18F89 /* RelCategories */,
				D80A357326CA0A12008CB95F /* LovedOnes.swift */,
			);
			path = Relationships;
			sourceTree = "<group>";
		};
		D881F66F26C4B6AA0054D033 /* tabs */ = {
			isa = PBXGroup;
			children = (
				D878B823278CFFC500E3DC70 /* Learn */,
				D82F48E326D60888007E8F74 /* Assets */,
				D87EC4D326D4289D00E21428 /* Relationships */,
				D8A5C89926D9D64F004123A4 /* Home */,
				D87EC4D126D4286200E21428 /* Occupation */,
				D8A5C89A26D9D665004123A4 /* Actions */,
			);
			path = tabs;
			sourceTree = "<group>";
		};
		D888B78D27756F4200724ED1 /* Lives */ = {
			isa = PBXGroup;
			children = (
				D867743C2774028E001EB64E /* CardViewMaybe.swift */,
				D888B78E27756F5C00724ED1 /* LivesStruct.swift */,
			);
			path = Lives;
			sourceTree = "<group>";
		};
		D8A5C89926D9D64F004123A4 /* Home */ = {
			isa = PBXGroup;
			children = (
				D881F67426C4B7C60054D033 /* HomeTab.swift */,
				D823B8A227784D71009D7992 /* SettingsView.swift */,
				D823B8AA277C18C8009D7992 /* OptionsView.swift */,
			);
			path = Home;
			sourceTree = "<group>";
		};
		D8A5C89A26D9D665004123A4 /* Actions */ = {
			isa = PBXGroup;
			children = (
				D8BF707B2786487D00B4444B /* Casino */,
				D881F67226C4B7AE0054D033 /* ActionTab.swift */,
			);
			path = Actions;
			sourceTree = "<group>";
		};
		D8A5C89B26D9D766004123A4 /* Category Views */ = {
			isa = PBXGroup;
			children = (
				D8FC918526E58B430065D3CF /* Side Hustle */,
				D8A5C89C26D9D77F004123A4 /* Job */,
			);
			path = "Category Views";
			sourceTree = "<group>";
		};
		D8A5C89C26D9D77F004123A4 /* Job */ = {
			isa = PBXGroup;
			children = (
				D87EC4DC26D4613900E21428 /* OccupationStructs.swift */,
				D87EC4E026D4DF7A00E21428 /* JobView.swift */,
				D87EC4DE26D4D5D700E21428 /* PosJobs.swift */,
			);
			path = Job;
			sourceTree = "<group>";
		};
		D8A5C8A126DC244A004123A4 /* custom fonts */ = {
			isa = PBXGroup;
			children = (
				D8A5C8A526DC249F004123A4 /* mainFontBold.ttf */,
				D8A5C8A226DC248D004123A4 /* mainFont.ttf */,
			);
			path = "custom fonts";
			sourceTree = "<group>";
		};
		D8BF707B2786487D00B4444B /* Casino */ = {
			isa = PBXGroup;
			children = (
				D860E0FE27858258008606B2 /* CasinoView.swift */,
				D8BF707C2786489800B4444B /* CasinoIcon.swift */,
				D8BF707E278648E700B4444B /* LotteryPopup.swift */,
				D89CD642278AD8A80004FBB7 /* BallsGamePopup.swift */,
			);
			path = Casino;
			sourceTree = "<group>";
		};
		D8C4304C272DD58E00F18F89 /* RelCategories */ = {
			isa = PBXGroup;
			children = (
				D8E34CFD27618CBB0056F054 /* Pets */,
				D8E34CFC27618CB40056F054 /* Friends */,
				D8E34CFB27618CA70056F054 /* Children */,
				D8E34CFA27618CA10056F054 /* Romance */,
				D8C43057272E358A00F18F89 /* Parents */,
			);
			path = RelCategories;
			sourceTree = "<group>";
		};
		D8C43057272E358A00F18F89 /* Parents */ = {
			isa = PBXGroup;
			children = (
				D8C43058272E35A500F18F89 /* ParentStructs.swift */,
				D82EE05F27365DD400C6498F /* ParentsDetail.swift */,
				D8F18C3527375A2200A527B6 /* ParentsView.swift */,
			);
			path = Parents;
			sourceTree = "<group>";
		};
		D8E34CFA27618CA10056F054 /* Romance */ = {
			isa = PBXGroup;
			children = (
				D8C4304F272DD5E200F18F89 /* RomanceView.swift */,
				D8BEF23A276AA54C004DC3EF /* RomanceDetail.swift */,
				D8BEF23C276AA55A004DC3EF /* RomanceStructs.swift */,
			);
			path = Romance;
			sourceTree = "<group>";
		};
		D8E34CFB27618CA70056F054 /* Children */ = {
			isa = PBXGroup;
			children = (
				D8C43051272DD5F600F18F89 /* ChildrenView.swift */,
				D8E34CFE276190D10056F054 /* ChildrenStructs.swift */,
				D8E34D00276198530056F054 /* ChildrenDetail.swift */,
			);
			path = Children;
			sourceTree = "<group>";
		};
		D8E34CFC27618CB40056F054 /* Friends */ = {
			isa = PBXGroup;
			children = (
				D8C43053272DD60700F18F89 /* FriendsView.swift */,
			);
			path = Friends;
			sourceTree = "<group>";
		};
		D8E34CFD27618CBB0056F054 /* Pets */ = {
			isa = PBXGroup;
			children = (
				D8C43055272DD61600F18F89 /* PetsView.swift */,
			);
			path = Pets;
			sourceTree = "<group>";
		};
		D8FC918526E58B430065D3CF /* Side Hustle */ = {
			isa = PBXGroup;
			children = (
				D8FC918626E58B690065D3CF /* SHView.swift */,
				D8FC918826E58BFE0065D3CF /* SHBackend.swift */,
			);
			path = "Side Hustle";
			sourceTree = "<group>";
		};
/* End PBXGroup section */

/* Begin PBXNativeTarget section */
		D85C854E268EFE1E00FA7C9A /* The Game of Life */ = {
			isa = PBXNativeTarget;
			buildConfigurationList = D85C8574268EFE2100FA7C9A /* Build configuration list for PBXNativeTarget "The Game of Life" */;
			buildPhases = (
				D85C854B268EFE1E00FA7C9A /* Sources */,
				D85C854C268EFE1E00FA7C9A /* Frameworks */,
				D85C854D268EFE1E00FA7C9A /* Resources */,
			);
			buildRules = (
			);
			dependencies = (
			);
			name = "The Game of Life";
			packageProductDependencies = (
				D8E384DE27894568008E0DE8 /* RealModule */,
			);
			productName = "The Game of Life";
			productReference = D85C854F268EFE1E00FA7C9A /* The Game of Life.app */;
			productType = "com.apple.product-type.application";
		};
		D85C855F268EFE2100FA7C9A /* The Game of LifeTests */ = {
			isa = PBXNativeTarget;
			buildConfigurationList = D85C8577268EFE2100FA7C9A /* Build configuration list for PBXNativeTarget "The Game of LifeTests" */;
			buildPhases = (
				D85C855C268EFE2100FA7C9A /* Sources */,
				D85C855D268EFE2100FA7C9A /* Frameworks */,
				D85C855E268EFE2100FA7C9A /* Resources */,
			);
			buildRules = (
			);
			dependencies = (
				D85C8562268EFE2100FA7C9A /* PBXTargetDependency */,
			);
			name = "The Game of LifeTests";
			productName = "The Game of LifeTests";
			productReference = D85C8560268EFE2100FA7C9A /* The Game of LifeTests.xctest */;
			productType = "com.apple.product-type.bundle.unit-test";
		};
		D85C856A268EFE2100FA7C9A /* The Game of LifeUITests */ = {
			isa = PBXNativeTarget;
			buildConfigurationList = D85C857A268EFE2100FA7C9A /* Build configuration list for PBXNativeTarget "The Game of LifeUITests" */;
			buildPhases = (
				D85C8567268EFE2100FA7C9A /* Sources */,
				D85C8568268EFE2100FA7C9A /* Frameworks */,
				D85C8569268EFE2100FA7C9A /* Resources */,
			);
			buildRules = (
			);
			dependencies = (
				D85C856D268EFE2100FA7C9A /* PBXTargetDependency */,
			);
			name = "The Game of LifeUITests";
			productName = "The Game of LifeUITests";
			productReference = D85C856B268EFE2100FA7C9A /* The Game of LifeUITests.xctest */;
			productType = "com.apple.product-type.bundle.ui-testing";
		};
/* End PBXNativeTarget section */

/* Begin PBXProject section */
		D85C8547268EFE1E00FA7C9A /* Project object */ = {
			isa = PBXProject;
			attributes = {
				LastSwiftUpdateCheck = 1250;
				LastUpgradeCheck = 1250;
				TargetAttributes = {
					D85C854E268EFE1E00FA7C9A = {
						CreatedOnToolsVersion = 12.5.1;
					};
					D85C855F268EFE2100FA7C9A = {
						CreatedOnToolsVersion = 12.5.1;
						TestTargetID = D85C854E268EFE1E00FA7C9A;
					};
					D85C856A268EFE2100FA7C9A = {
						CreatedOnToolsVersion = 12.5.1;
						TestTargetID = D85C854E268EFE1E00FA7C9A;
					};
				};
			};
			buildConfigurationList = D85C854A268EFE1E00FA7C9A /* Build configuration list for PBXProject "The Game of Life" */;
			compatibilityVersion = "Xcode 9.3";
			developmentRegion = en;
			hasScannedForEncodings = 0;
			knownRegions = (
				en,
				Base,
			);
			mainGroup = D85C8546268EFE1E00FA7C9A;
			packageReferences = (
				D8E384DD27894568008E0DE8 /* XCRemoteSwiftPackageReference "swift-numerics" */,
			);
			productRefGroup = D85C8550268EFE1E00FA7C9A /* Products */;
			projectDirPath = "";
			projectRoot = "";
			targets = (
				D85C854E268EFE1E00FA7C9A /* The Game of Life */,
				D85C855F268EFE2100FA7C9A /* The Game of LifeTests */,
				D85C856A268EFE2100FA7C9A /* The Game of LifeUITests */,
			);
		};
/* End PBXProject section */

/* Begin PBXResourcesBuildPhase section */
		D85C854D268EFE1E00FA7C9A /* Resources */ = {
			isa = PBXResourcesBuildPhase;
			buildActionMask = 2147483647;
			files = (
				D85C855A268EFE2100FA7C9A /* Preview Assets.xcassets in Resources */,
				D8A5C8A326DC248D004123A4 /* mainFont.ttf in Resources */,
				D85C8557268EFE2100FA7C9A /* Assets.xcassets in Resources */,
			);
			runOnlyForDeploymentPostprocessing = 0;
		};
		D85C855E268EFE2100FA7C9A /* Resources */ = {
			isa = PBXResourcesBuildPhase;
			buildActionMask = 2147483647;
			files = (
			);
			runOnlyForDeploymentPostprocessing = 0;
		};
		D85C8569268EFE2100FA7C9A /* Resources */ = {
			isa = PBXResourcesBuildPhase;
			buildActionMask = 2147483647;
			files = (
			);
			runOnlyForDeploymentPostprocessing = 0;
		};
/* End PBXResourcesBuildPhase section */

/* Begin PBXSourcesBuildPhase section */
		D85C854B268EFE1E00FA7C9A /* Sources */ = {
			isa = PBXSourcesBuildPhase;
			buildActionMask = 2147483647;
			files = (
				D8AC08DF27653415000A432E /* RealEstateDetail.swift in Sources */,
				D8C202F22749EABB0057A92B /* BankDetail.swift in Sources */,
				D8E34D01276198530056F054 /* ChildrenDetail.swift in Sources */,
				D8E34CFF276190D10056F054 /* ChildrenStructs.swift in Sources */,
				D8C43048272DC94900F18F89 /* RelationshipButton.swift in Sources */,
				D87EC4D526D4291E00E21428 /* CategoryButton.swift in Sources */,
				D8BEF23B276AA54C004DC3EF /* RomanceDetail.swift in Sources */,
				D87EC4DD26D4613900E21428 /* OccupationStructs.swift in Sources */,
				D878B827278E371F00E3DC70 /* LearnMain.swift in Sources */,
				D8BF707F278648E700B4444B /* LotteryPopup.swift in Sources */,
				D867743D2774028E001EB64E /* CardViewMaybe.swift in Sources */,
				D881F67526C4B7C60054D033 /* HomeTab.swift in Sources */,
				D881F66E26C4B6800054D033 /* AssetTab.swift in Sources */,
				D85C8555268EFE1E00FA7C9A /* ContentView.swift in Sources */,
				D839529427714B1C002444D9 /* MainView.swift in Sources */,
				D80A357426CA0A12008CB95F /* LovedOnes.swift in Sources */,
				D8C43059272E35A500F18F89 /* ParentStructs.swift in Sources */,
				D8C4305B272E4D8800F18F89 /* King.swift in Sources */,
				D8C43054272DD60700F18F89 /* FriendsView.swift in Sources */,
				D878B825278CFFD400E3DC70 /* LearnTab.swift in Sources */,
				D8C43050272DD5E200F18F89 /* RomanceView.swift in Sources */,
				D82EE06027365DD400C6498F /* ParentsDetail.swift in Sources */,
				D87EC4E126D4DF7A00E21428 /* JobView.swift in Sources */,
				D881F67126C4B7410054D033 /* OccupationTab.swift in Sources */,
				D823B8AB277C18C8009D7992 /* OptionsView.swift in Sources */,
				D8702312278E454D00C4E4FD /* NewLifeView.swift in Sources */,
				D8BEF23D276AA55A004DC3EF /* RomanceStructs.swift in Sources */,
				D8FC918726E58B6A0065D3CF /* SHView.swift in Sources */,
				D888B78F27756F5C00724ED1 /* LivesStruct.swift in Sources */,
				D8C43052272DD5F600F18F89 /* ChildrenView.swift in Sources */,
				D8BEF23927685C7A004DC3EF /* AssetsMain.swift in Sources */,
				D87EC4DF26D4D5D700E21428 /* PosJobs.swift in Sources */,
				D881F67326C4B7AE0054D033 /* ActionTab.swift in Sources */,
				D839529C2772B84B002444D9 /* ExperimentView.swift in Sources */,
				D85C8553268EFE1E00FA7C9A /* The_Game_of_LifeApp.swift in Sources */,
				D860E0FF27858258008606B2 /* CasinoView.swift in Sources */,
				D860E0FD27856085008606B2 /* WithdrawPopup.swift in Sources */,
				D8C4304B272DD1E700F18F89 /* RelationshipDetail.swift in Sources */,
				D8F18C3627375A2200A527B6 /* ParentsView.swift in Sources */,
				D878B829278E373200E3DC70 /* Education.swift in Sources */,
				D860E0FB27855C69008606B2 /* DepositPopup.swift in Sources */,
				D8FC918926E58BFE0065D3CF /* SHBackend.swift in Sources */,
				D881F66C26C4B43A0054D033 /* RelationshipTab.swift in Sources */,
				D83952982771B6B8002444D9 /* EntryView.swift in Sources */,
				D89CD643278AD8A80004FBB7 /* BallsGamePopup.swift in Sources */,
				D8C43056272DD61600F18F89 /* PetsView.swift in Sources */,
				D8BF707D2786489800B4444B /* CasinoIcon.swift in Sources */,
				D8399AAB2754730200A5DFB3 /* LottoFile.swift in Sources */,
				D823B8A327784D71009D7992 /* SettingsView.swift in Sources */,
			);
			runOnlyForDeploymentPostprocessing = 0;
		};
		D85C855C268EFE2100FA7C9A /* Sources */ = {
			isa = PBXSourcesBuildPhase;
			buildActionMask = 2147483647;
			files = (
				D85C8565268EFE2100FA7C9A /* The_Game_of_LifeTests.swift in Sources */,
			);
			runOnlyForDeploymentPostprocessing = 0;
		};
		D85C8567268EFE2100FA7C9A /* Sources */ = {
			isa = PBXSourcesBuildPhase;
			buildActionMask = 2147483647;
			files = (
				D85C8570268EFE2100FA7C9A /* The_Game_of_LifeUITests.swift in Sources */,
			);
			runOnlyForDeploymentPostprocessing = 0;
		};
/* End PBXSourcesBuildPhase section */

/* Begin PBXTargetDependency section */
		D85C8562268EFE2100FA7C9A /* PBXTargetDependency */ = {
			isa = PBXTargetDependency;
			target = D85C854E268EFE1E00FA7C9A /* The Game of Life */;
			targetProxy = D85C8561268EFE2100FA7C9A /* PBXContainerItemProxy */;
		};
		D85C856D268EFE2100FA7C9A /* PBXTargetDependency */ = {
			isa = PBXTargetDependency;
			target = D85C854E268EFE1E00FA7C9A /* The Game of Life */;
			targetProxy = D85C856C268EFE2100FA7C9A /* PBXContainerItemProxy */;
		};
/* End PBXTargetDependency section */

/* Begin XCBuildConfiguration section */
		D85C8572268EFE2100FA7C9A /* Debug */ = {
			isa = XCBuildConfiguration;
			buildSettings = {
				ALWAYS_SEARCH_USER_PATHS = NO;
				CLANG_ANALYZER_NONNULL = YES;
				CLANG_ANALYZER_NUMBER_OBJECT_CONVERSION = YES_AGGRESSIVE;
				CLANG_CXX_LANGUAGE_STANDARD = "gnu++14";
				CLANG_CXX_LIBRARY = "libc++";
				CLANG_ENABLE_MODULES = YES;
				CLANG_ENABLE_OBJC_ARC = YES;
				CLANG_ENABLE_OBJC_WEAK = YES;
				CLANG_WARN_BLOCK_CAPTURE_AUTORELEASING = YES;
				CLANG_WARN_BOOL_CONVERSION = YES;
				CLANG_WARN_COMMA = YES;
				CLANG_WARN_CONSTANT_CONVERSION = YES;
				CLANG_WARN_DEPRECATED_OBJC_IMPLEMENTATIONS = YES;
				CLANG_WARN_DIRECT_OBJC_ISA_USAGE = YES_ERROR;
				CLANG_WARN_DOCUMENTATION_COMMENTS = YES;
				CLANG_WARN_EMPTY_BODY = YES;
				CLANG_WARN_ENUM_CONVERSION = YES;
				CLANG_WARN_INFINITE_RECURSION = YES;
				CLANG_WARN_INT_CONVERSION = YES;
				CLANG_WARN_NON_LITERAL_NULL_CONVERSION = YES;
				CLANG_WARN_OBJC_IMPLICIT_RETAIN_SELF = YES;
				CLANG_WARN_OBJC_LITERAL_CONVERSION = YES;
				CLANG_WARN_OBJC_ROOT_CLASS = YES_ERROR;
				CLANG_WARN_QUOTED_INCLUDE_IN_FRAMEWORK_HEADER = YES;
				CLANG_WARN_RANGE_LOOP_ANALYSIS = YES;
				CLANG_WARN_STRICT_PROTOTYPES = YES;
				CLANG_WARN_SUSPICIOUS_MOVE = YES;
				CLANG_WARN_UNGUARDED_AVAILABILITY = YES_AGGRESSIVE;
				CLANG_WARN_UNREACHABLE_CODE = YES;
				CLANG_WARN__DUPLICATE_METHOD_MATCH = YES;
				COPY_PHASE_STRIP = NO;
				DEBUG_INFORMATION_FORMAT = dwarf;
				ENABLE_STRICT_OBJC_MSGSEND = YES;
				ENABLE_TESTABILITY = YES;
				GCC_C_LANGUAGE_STANDARD = gnu11;
				GCC_DYNAMIC_NO_PIC = NO;
				GCC_NO_COMMON_BLOCKS = YES;
				GCC_OPTIMIZATION_LEVEL = 0;
				GCC_PREPROCESSOR_DEFINITIONS = (
					"DEBUG=1",
					"$(inherited)",
				);
				GCC_WARN_64_TO_32_BIT_CONVERSION = YES;
				GCC_WARN_ABOUT_RETURN_TYPE = YES_ERROR;
				GCC_WARN_UNDECLARED_SELECTOR = YES;
				GCC_WARN_UNINITIALIZED_AUTOS = YES_AGGRESSIVE;
				GCC_WARN_UNUSED_FUNCTION = YES;
				GCC_WARN_UNUSED_VARIABLE = YES;
				IPHONEOS_DEPLOYMENT_TARGET = 14.5;
				MTL_ENABLE_DEBUG_INFO = INCLUDE_SOURCE;
				MTL_FAST_MATH = YES;
				ONLY_ACTIVE_ARCH = YES;
				SDKROOT = iphoneos;
				SWIFT_ACTIVE_COMPILATION_CONDITIONS = DEBUG;
				SWIFT_OPTIMIZATION_LEVEL = "-Onone";
			};
			name = Debug;
		};
		D85C8573268EFE2100FA7C9A /* Release */ = {
			isa = XCBuildConfiguration;
			buildSettings = {
				ALWAYS_SEARCH_USER_PATHS = NO;
				CLANG_ANALYZER_NONNULL = YES;
				CLANG_ANALYZER_NUMBER_OBJECT_CONVERSION = YES_AGGRESSIVE;
				CLANG_CXX_LANGUAGE_STANDARD = "gnu++14";
				CLANG_CXX_LIBRARY = "libc++";
				CLANG_ENABLE_MODULES = YES;
				CLANG_ENABLE_OBJC_ARC = YES;
				CLANG_ENABLE_OBJC_WEAK = YES;
				CLANG_WARN_BLOCK_CAPTURE_AUTORELEASING = YES;
				CLANG_WARN_BOOL_CONVERSION = YES;
				CLANG_WARN_COMMA = YES;
				CLANG_WARN_CONSTANT_CONVERSION = YES;
				CLANG_WARN_DEPRECATED_OBJC_IMPLEMENTATIONS = YES;
				CLANG_WARN_DIRECT_OBJC_ISA_USAGE = YES_ERROR;
				CLANG_WARN_DOCUMENTATION_COMMENTS = YES;
				CLANG_WARN_EMPTY_BODY = YES;
				CLANG_WARN_ENUM_CONVERSION = YES;
				CLANG_WARN_INFINITE_RECURSION = YES;
				CLANG_WARN_INT_CONVERSION = YES;
				CLANG_WARN_NON_LITERAL_NULL_CONVERSION = YES;
				CLANG_WARN_OBJC_IMPLICIT_RETAIN_SELF = YES;
				CLANG_WARN_OBJC_LITERAL_CONVERSION = YES;
				CLANG_WARN_OBJC_ROOT_CLASS = YES_ERROR;
				CLANG_WARN_QUOTED_INCLUDE_IN_FRAMEWORK_HEADER = YES;
				CLANG_WARN_RANGE_LOOP_ANALYSIS = YES;
				CLANG_WARN_STRICT_PROTOTYPES = YES;
				CLANG_WARN_SUSPICIOUS_MOVE = YES;
				CLANG_WARN_UNGUARDED_AVAILABILITY = YES_AGGRESSIVE;
				CLANG_WARN_UNREACHABLE_CODE = YES;
				CLANG_WARN__DUPLICATE_METHOD_MATCH = YES;
				COPY_PHASE_STRIP = NO;
				DEBUG_INFORMATION_FORMAT = "dwarf-with-dsym";
				ENABLE_NS_ASSERTIONS = NO;
				ENABLE_STRICT_OBJC_MSGSEND = YES;
				GCC_C_LANGUAGE_STANDARD = gnu11;
				GCC_NO_COMMON_BLOCKS = YES;
				GCC_WARN_64_TO_32_BIT_CONVERSION = YES;
				GCC_WARN_ABOUT_RETURN_TYPE = YES_ERROR;
				GCC_WARN_UNDECLARED_SELECTOR = YES;
				GCC_WARN_UNINITIALIZED_AUTOS = YES_AGGRESSIVE;
				GCC_WARN_UNUSED_FUNCTION = YES;
				GCC_WARN_UNUSED_VARIABLE = YES;
				IPHONEOS_DEPLOYMENT_TARGET = 14.5;
				MTL_ENABLE_DEBUG_INFO = NO;
				MTL_FAST_MATH = YES;
				SDKROOT = iphoneos;
				SWIFT_COMPILATION_MODE = wholemodule;
				SWIFT_OPTIMIZATION_LEVEL = "-O";
				VALIDATE_PRODUCT = YES;
			};
			name = Release;
		};
		D85C8575268EFE2100FA7C9A /* Debug */ = {
			isa = XCBuildConfiguration;
			buildSettings = {
				ASSETCATALOG_COMPILER_APPICON_NAME = AppIcon;
				ASSETCATALOG_COMPILER_GLOBAL_ACCENT_COLOR_NAME = AccentColor;
				CODE_SIGN_STYLE = Automatic;
				DEVELOPMENT_ASSET_PATHS = "\"The Game of Life/Preview Content\"";
				DEVELOPMENT_TEAM = SDM37576Y5;
				ENABLE_PREVIEWS = YES;
				INFOPLIST_FILE = "The Game of Life/Info.plist";
				IPHONEOS_DEPLOYMENT_TARGET = 15.0;
				LD_RUNPATH_SEARCH_PATHS = (
					"$(inherited)",
					"@executable_path/Frameworks",
				);
				PRODUCT_BUNDLE_IDENTIFIER = "Charlie-Reeder.The-Game-of-Life";
				PRODUCT_NAME = "$(TARGET_NAME)";
				SWIFT_VERSION = 5.0;
				TARGETED_DEVICE_FAMILY = "1,2";
			};
			name = Debug;
		};
		D85C8576268EFE2100FA7C9A /* Release */ = {
			isa = XCBuildConfiguration;
			buildSettings = {
				ASSETCATALOG_COMPILER_APPICON_NAME = AppIcon;
				ASSETCATALOG_COMPILER_GLOBAL_ACCENT_COLOR_NAME = AccentColor;
				CODE_SIGN_STYLE = Automatic;
				DEVELOPMENT_ASSET_PATHS = "\"The Game of Life/Preview Content\"";
				DEVELOPMENT_TEAM = SDM37576Y5;
				ENABLE_PREVIEWS = YES;
				INFOPLIST_FILE = "The Game of Life/Info.plist";
				IPHONEOS_DEPLOYMENT_TARGET = 15.0;
				LD_RUNPATH_SEARCH_PATHS = (
					"$(inherited)",
					"@executable_path/Frameworks",
				);
				PRODUCT_BUNDLE_IDENTIFIER = "Charlie-Reeder.The-Game-of-Life";
				PRODUCT_NAME = "$(TARGET_NAME)";
				SWIFT_VERSION = 5.0;
				TARGETED_DEVICE_FAMILY = "1,2";
			};
			name = Release;
		};
		D85C8578268EFE2100FA7C9A /* Debug */ = {
			isa = XCBuildConfiguration;
			buildSettings = {
				ALWAYS_EMBED_SWIFT_STANDARD_LIBRARIES = YES;
				BUNDLE_LOADER = "$(TEST_HOST)";
				CODE_SIGN_STYLE = Automatic;
				INFOPLIST_FILE = "The Game of LifeTests/Info.plist";
				IPHONEOS_DEPLOYMENT_TARGET = 14.0;
				LD_RUNPATH_SEARCH_PATHS = (
					"$(inherited)",
					"@executable_path/Frameworks",
					"@loader_path/Frameworks",
				);
				PRODUCT_BUNDLE_IDENTIFIER = "Charlie-Reeder.The-Game-of-LifeTests";
				PRODUCT_NAME = "$(TARGET_NAME)";
				SWIFT_VERSION = 5.0;
				TARGETED_DEVICE_FAMILY = "1,2";
				TEST_HOST = "$(BUILT_PRODUCTS_DIR)/The Game of Life.app/The Game of Life";
			};
			name = Debug;
		};
		D85C8579268EFE2100FA7C9A /* Release */ = {
			isa = XCBuildConfiguration;
			buildSettings = {
				ALWAYS_EMBED_SWIFT_STANDARD_LIBRARIES = YES;
				BUNDLE_LOADER = "$(TEST_HOST)";
				CODE_SIGN_STYLE = Automatic;
				INFOPLIST_FILE = "The Game of LifeTests/Info.plist";
				IPHONEOS_DEPLOYMENT_TARGET = 14.0;
				LD_RUNPATH_SEARCH_PATHS = (
					"$(inherited)",
					"@executable_path/Frameworks",
					"@loader_path/Frameworks",
				);
				PRODUCT_BUNDLE_IDENTIFIER = "Charlie-Reeder.The-Game-of-LifeTests";
				PRODUCT_NAME = "$(TARGET_NAME)";
				SWIFT_VERSION = 5.0;
				TARGETED_DEVICE_FAMILY = "1,2";
				TEST_HOST = "$(BUILT_PRODUCTS_DIR)/The Game of Life.app/The Game of Life";
			};
			name = Release;
		};
		D85C857B268EFE2100FA7C9A /* Debug */ = {
			isa = XCBuildConfiguration;
			buildSettings = {
				ALWAYS_EMBED_SWIFT_STANDARD_LIBRARIES = YES;
				CODE_SIGN_STYLE = Automatic;
				INFOPLIST_FILE = "The Game of LifeUITests/Info.plist";
				LD_RUNPATH_SEARCH_PATHS = (
					"$(inherited)",
					"@executable_path/Frameworks",
					"@loader_path/Frameworks",
				);
				PRODUCT_BUNDLE_IDENTIFIER = "Charlie-Reeder.The-Game-of-LifeUITests";
				PRODUCT_NAME = "$(TARGET_NAME)";
				SWIFT_VERSION = 5.0;
				TARGETED_DEVICE_FAMILY = "1,2";
				TEST_TARGET_NAME = "The Game of Life";
			};
			name = Debug;
		};
		D85C857C268EFE2100FA7C9A /* Release */ = {
			isa = XCBuildConfiguration;
			buildSettings = {
				ALWAYS_EMBED_SWIFT_STANDARD_LIBRARIES = YES;
				CODE_SIGN_STYLE = Automatic;
				INFOPLIST_FILE = "The Game of LifeUITests/Info.plist";
				LD_RUNPATH_SEARCH_PATHS = (
					"$(inherited)",
					"@executable_path/Frameworks",
					"@loader_path/Frameworks",
				);
				PRODUCT_BUNDLE_IDENTIFIER = "Charlie-Reeder.The-Game-of-LifeUITests";
				PRODUCT_NAME = "$(TARGET_NAME)";
				SWIFT_VERSION = 5.0;
				TARGETED_DEVICE_FAMILY = "1,2";
				TEST_TARGET_NAME = "The Game of Life";
			};
			name = Release;
		};
/* End XCBuildConfiguration section */

/* Begin XCConfigurationList section */
		D85C854A268EFE1E00FA7C9A /* Build configuration list for PBXProject "The Game of Life" */ = {
			isa = XCConfigurationList;
			buildConfigurations = (
				D85C8572268EFE2100FA7C9A /* Debug */,
				D85C8573268EFE2100FA7C9A /* Release */,
			);
			defaultConfigurationIsVisible = 0;
			defaultConfigurationName = Release;
		};
		D85C8574268EFE2100FA7C9A /* Build configuration list for PBXNativeTarget "The Game of Life" */ = {
			isa = XCConfigurationList;
			buildConfigurations = (
				D85C8575268EFE2100FA7C9A /* Debug */,
				D85C8576268EFE2100FA7C9A /* Release */,
			);
			defaultConfigurationIsVisible = 0;
			defaultConfigurationName = Release;
		};
		D85C8577268EFE2100FA7C9A /* Build configuration list for PBXNativeTarget "The Game of LifeTests" */ = {
			isa = XCConfigurationList;
			buildConfigurations = (
				D85C8578268EFE2100FA7C9A /* Debug */,
				D85C8579268EFE2100FA7C9A /* Release */,
			);
			defaultConfigurationIsVisible = 0;
			defaultConfigurationName = Release;
		};
		D85C857A268EFE2100FA7C9A /* Build configuration list for PBXNativeTarget "The Game of LifeUITests" */ = {
			isa = XCConfigurationList;
			buildConfigurations = (
				D85C857B268EFE2100FA7C9A /* Debug */,
				D85C857C268EFE2100FA7C9A /* Release */,
			);
			defaultConfigurationIsVisible = 0;
			defaultConfigurationName = Release;
		};
/* End XCConfigurationList section */

/* Begin XCRemoteSwiftPackageReference section */
		D8E384DD27894568008E0DE8 /* XCRemoteSwiftPackageReference "swift-numerics" */ = {
			isa = XCRemoteSwiftPackageReference;
			repositoryURL = "https://github.com/apple/swift-numerics.git";
			requirement = {
				kind = upToNextMajorVersion;
				minimumVersion = 1.0.0;
			};
		};
/* End XCRemoteSwiftPackageReference section */

/* Begin XCSwiftPackageProductDependency section */
		D8E384DE27894568008E0DE8 /* RealModule */ = {
			isa = XCSwiftPackageProductDependency;
			package = D8E384DD27894568008E0DE8 /* XCRemoteSwiftPackageReference "swift-numerics" */;
			productName = RealModule;
		};
/* End XCSwiftPackageProductDependency section */
	};
	rootObject = D85C8547268EFE1E00FA7C9A /* Project object */;
}
